
Microsoft Visual Studio Solution File, Format Version 12.00
# Visual Studio Version 17
VisualStudioVersion = 17.1.32421.90
MinimumVisualStudioVersion = 10.0.40219.1
Project("{9A19103F-16F7-4668-BE54-9A1E7A4F7556}") = "ToroBank.Api", "ToroBank.Api\ToroBank.Api.csproj", "{6D9AF0D8-4427-4DD7-9C48-5901F2CB3CBE}"
EndProject
Project("{FAE04EC0-301F-11D3-BF4B-00C04F79EFBC}") = "ToroBank.Application", "ToroBank.Application\ToroBank.Application.csproj", "{64447C1B-E98A-41BA-A5F7-02346696A4FA}"
EndProject
Project("{FAE04EC0-301F-11D3-BF4B-00C04F79EFBC}") = "ToroBank.Core", "ToroBank.Core\ToroBank.Core.csproj", "{90BB0352-4951-4A78-BDBC-7DD66AF108C6}"
EndProject
Project("{FAE04EC0-301F-11D3-BF4B-00C04F79EFBC}") = "ToroBank.Infrastructure", "ToroBank.Infrastructure\ToroBank.Infrastructure.csproj", "{765F7386-D3A2-43C2-AB14-AC6C28CA0587}"
EndProject
Project("{FAE04EC0-301F-11D3-BF4B-00C04F79EFBC}") = "BankToro.Test", "BankToro.Test\BankToro.Test.csproj", "{1FCD3A63-CE6E-4CCD-B7BC-D5E51A190661}"
EndProject
Project("{2150E333-8FDC-42A3-9474-1A3956D46DE8}") = "4. Domain", "4. Domain", "{87108DD0-D891-4393-8F5D-F3A80A030C82}"
EndProject
Project("{2150E333-8FDC-42A3-9474-1A3956D46DE8}") = "2. Application", "2. Application", "{0B7E60BD-F84D-4644-A01A-01EDB6846B27}"
EndProject
Project("{2150E333-8FDC-42A3-9474-1A3956D46DE8}") = "3. Infrastructure", "3. Infrastructure", "{F7C57614-D123-453C-906E-B818954AF9AF}"
EndProject
Project("{2150E333-8FDC-42A3-9474-1A3956D46DE8}") = "1. Presenter", "1. Presenter", "{852BC7F2-86E1-4A2C-B6FE-443E05BCFB42}"
EndProject
Project("{2150E333-8FDC-42A3-9474-1A3956D46DE8}") = "5. Tests", "5. Tests", "{55483281-B072-454F-8998-526364538F07}"
EndProject
Global
	GlobalSection(SolutionConfigurationPlatforms) = preSolution
		Debug|Any CPU = Debug|Any CPU
		Release|Any CPU = Release|Any CPU
	EndGlobalSection
	GlobalSection(ProjectConfigurationPlatforms) = postSolution
		{6D9AF0D8-4427-4DD7-9C48-5901F2CB3CBE}.Debug|Any CPU.ActiveCfg = Debug|Any CPU
		{6D9AF0D8-4427-4DD7-9C48-5901F2CB3CBE}.Debug|Any CPU.Build.0 = Debug|Any CPU
		{6D9AF0D8-4427-4DD7-9C48-5901F2CB3CBE}.Release|Any CPU.ActiveCfg = Release|Any CPU
		{6D9AF0D8-4427-4DD7-9C48-5901F2CB3CBE}.Release|Any CPU.Build.0 = Release|Any CPU
		{64447C1B-E98A-41BA-A5F7-02346696A4FA}.Debug|Any CPU.ActiveCfg = Debug|Any CPU
		{64447C1B-E98A-41BA-A5F7-02346696A4FA}.Debug|Any CPU.Build.0 = Debug|Any CPU
		{64447C1B-E98A-41BA-A5F7-02346696A4FA}.Release|Any CPU.ActiveCfg = Release|Any CPU
		{64447C1B-E98A-41BA-A5F7-02346696A4FA}.Release|Any CPU.Build.0 = Release|Any CPU
		{90BB0352-4951-4A78-BDBC-7DD66AF108C6}.Debug|Any CPU.ActiveCfg = Debug|Any CPU
		{90BB0352-4951-4A78-BDBC-7DD66AF108C6}.Debug|Any CPU.Build.0 = Debug|Any CPU
		{90BB0352-4951-4A78-BDBC-7DD66AF108C6}.Release|Any CPU.ActiveCfg = Release|Any CPU
		{90BB0352-4951-4A78-BDBC-7DD66AF108C6}.Release|Any CPU.Build.0 = Release|Any CPU
		{765F7386-D3A2-43C2-AB14-AC6C28CA0587}.Debug|Any CPU.ActiveCfg = Debug|Any CPU
		{765F7386-D3A2-43C2-AB14-AC6C28CA0587}.Debug|Any CPU.Build.0 = Debug|Any CPU
		{765F7386-D3A2-43C2-AB14-AC6C28CA0587}.Release|Any CPU.ActiveCfg = Release|Any CPU
		{765F7386-D3A2-43C2-AB14-AC6C28CA0587}.Release|Any CPU.Build.0 = Release|Any CPU
		{1FCD3A63-CE6E-4CCD-B7BC-D5E51A190661}.Debug|Any CPU.ActiveCfg = Debug|Any CPU
		{1FCD3A63-CE6E-4CCD-B7BC-D5E51A190661}.Debug|Any CPU.Build.0 = Debug|Any CPU
		{1FCD3A63-CE6E-4CCD-B7BC-D5E51A190661}.Release|Any CPU.ActiveCfg = Release|Any CPU
		{1FCD3A63-CE6E-4CCD-B7BC-D5E51A190661}.Release|Any CPU.Build.0 = Release|Any CPU
	EndGlobalSection
	GlobalSection(SolutionProperties) = preSolution
		HideSolutionNode = FALSE
	EndGlobalSection
	GlobalSection(NestedProjects) = preSolution
		{6D9AF0D8-4427-4DD7-9C48-5901F2CB3CBE} = {852BC7F2-86E1-4A2C-B6FE-443E05BCFB42}
		{64447C1B-E98A-41BA-A5F7-02346696A4FA} = {0B7E60BD-F84D-4644-A01A-01EDB6846B27}
		{90BB0352-4951-4A78-BDBC-7DD66AF108C6} = {87108DD0-D891-4393-8F5D-F3A80A030C82}
		{765F7386-D3A2-43C2-AB14-AC6C28CA0587} = {F7C57614-D123-453C-906E-B818954AF9AF}
		{1FCD3A63-CE6E-4CCD-B7BC-D5E51A190661} = {55483281-B072-454F-8998-526364538F07}
	EndGlobalSection
	GlobalSection(ExtensibilityGlobals) = postSolution
		SolutionGuid = {094D765C-41B7-4C76-81F8-015AB0AC298D}
	EndGlobalSection
EndGlobal
